
Microsoft Visual Studio Solution File, Format Version 11.00
# Visual Studio 2010
Project("{FAE04EC0-301F-11D3-BF4B-00C04F79EFBC}") = "GEvents", "GoogleCal\GEvents.csproj", "{3F5DF64E-7A23-4900-A25F-D9C5D5F21EF1}"
EndProject
Project("{FAE04EC0-301F-11D3-BF4B-00C04F79EFBC}") = "Events.Web.Site", "Events.Web.Site\Events.Web.Site.csproj", "{B66DF749-56B3-4BE3-B71C-33B2ECC6B06E}"
EndProject
Global
	GlobalSection(SolutionConfigurationPlatforms) = preSolution
		Debug|Any CPU = Debug|Any CPU
		Release|Any CPU = Release|Any CPU
	EndGlobalSection
	GlobalSection(ProjectConfigurationPlatforms) = postSolution
		{3F5DF64E-7A23-4900-A25F-D9C5D5F21EF1}.Debug|Any CPU.ActiveCfg = Debug|Any CPU
		{3F5DF64E-7A23-4900-A25F-D9C5D5F21EF1}.Debug|Any CPU.Build.0 = Debug|Any CPU
		{3F5DF64E-7A23-4900-A25F-D9C5D5F21EF1}.Release|Any CPU.ActiveCfg = Release|Any CPU
		{3F5DF64E-7A23-4900-A25F-D9C5D5F21EF1}.Release|Any CPU.Build.0 = Release|Any CPU
		{B66DF749-56B3-4BE3-B71C-33B2ECC6B06E}.Debug|Any CPU.ActiveCfg = Debug|Any CPU
		{B66DF749-56B3-4BE3-B71C-33B2ECC6B06E}.Debug|Any CPU.Build.0 = Debug|Any CPU
		{B66DF749-56B3-4BE3-B71C-33B2ECC6B06E}.Release|Any CPU.ActiveCfg = Release|Any CPU
		{B66DF749-56B3-4BE3-B71C-33B2ECC6B06E}.Release|Any CPU.Build.0 = Release|Any CPU
	EndGlobalSection
	GlobalSection(SolutionProperties) = preSolution
		HideSolutionNode = FALSE
	EndGlobalSection
EndGlobal
